// !$*UTF8*$!
{
	archiveVersion = 1;
	classes = {
	};
	objectVersion = 50;
	objects = {

/* Begin PBXBuildFile section */
		0794C9D5266F22ED00A81BEC /* main.cpp in Sources */ = {isa = PBXBuildFile; fileRef = 0794C9D4266F22ED00A81BEC /* main.cpp */; };
		0794C9E0266F23BE00A81BEC /* Classifier.cpp in Sources */ = {isa = PBXBuildFile; fileRef = 0794C9DE266F23BE00A81BEC /* Classifier.cpp */; };
		0794C9E1266F23BE00A81BEC /* Validator.cpp in Sources */ = {isa = PBXBuildFile; fileRef = 0794C9DF266F23BE00A81BEC /* Validator.cpp */; };
		0794C9EA2673144A00A81BEC /* Problem.cpp in Sources */ = {isa = PBXBuildFile; fileRef = 0794C9E92673144A00A81BEC /* Problem.cpp */; };
/* End PBXBuildFile section */

/* Begin PBXCopyFilesBuildPhase section */
		0794C9CF266F22ED00A81BEC /* CopyFiles */ = {
			isa = PBXCopyFilesBuildPhase;
			buildActionMask = 2147483647;
			dstPath = /usr/share/man/man1/;
			dstSubfolderSpec = 0;
			files = (
			);
			runOnlyForDeploymentPostprocessing = 1;
		};
/* End PBXCopyFilesBuildPhase section */

/* Begin PBXFileReference section */
		0794C9D1266F22ED00A81BEC /* Project2_Final_NN_Search */ = {isa = PBXFileReference; includeInIndex = 0; lastKnownFileType = "compiled.mach-o.executable"; path = Project2_Final_NN_Search; sourceTree = BUILT_PRODUCTS_DIR; };
		0794C9D4266F22ED00A81BEC /* main.cpp */ = {isa = PBXFileReference; lastKnownFileType = sourcecode.cpp.cpp; path = main.cpp; sourceTree = "<group>"; };
		0794C9DD266F23BE00A81BEC /* Validator.hpp */ = {isa = PBXFileReference; fileEncoding = 4; lastKnownFileType = sourcecode.cpp.h; path = Validator.hpp; sourceTree = "<group>"; };
		0794C9DE266F23BE00A81BEC /* Classifier.cpp */ = {isa = PBXFileReference; fileEncoding = 4; lastKnownFileType = sourcecode.cpp.cpp; path = Classifier.cpp; sourceTree = "<group>"; };
		0794C9DF266F23BE00A81BEC /* Validator.cpp */ = {isa = PBXFileReference; fileEncoding = 4; lastKnownFileType = sourcecode.cpp.cpp; path = Validator.cpp; sourceTree = "<group>"; };
		0794C9E3266F23D900A81BEC /* Classifier.hpp */ = {isa = PBXFileReference; lastKnownFileType = sourcecode.cpp.h; path = Classifier.hpp; sourceTree = "<group>"; };
		0794C9E82673144900A81BEC /* Problem.hpp */ = {isa = PBXFileReference; fileEncoding = 4; lastKnownFileType = sourcecode.cpp.h; name = Problem.hpp; path = ../../../../../Desktop/Problem.hpp; sourceTree = "<group>"; };
		0794C9E92673144A00A81BEC /* Problem.cpp */ = {isa = PBXFileReference; fileEncoding = 4; lastKnownFileType = sourcecode.cpp.cpp; name = Problem.cpp; path = ../../../../../Desktop/Problem.cpp; sourceTree = "<group>"; };
/* End PBXFileReference section */

/* Begin PBXFrameworksBuildPhase section */
		0794C9CE266F22ED00A81BEC /* Frameworks */ = {
			isa = PBXFrameworksBuildPhase;
			buildActionMask = 2147483647;
			files = (
			);
			runOnlyForDeploymentPostprocessing = 0;
		};
/* End PBXFrameworksBuildPhase section */

/* Begin PBXGroup section */
		0794C9C8266F22ED00A81BEC = {
			isa = PBXGroup;
			children = (
				0794C9D3266F22ED00A81BEC /* Project2_Final_NN_Search */,
				0794C9D2266F22ED00A81BEC /* Products */,
			);
			sourceTree = "<group>";
		};
		0794C9D2266F22ED00A81BEC /* Products */ = {
			isa = PBXGroup;
			children = (
				0794C9D1266F22ED00A81BEC /* Project2_Final_NN_Search */,
			);
			name = Products;
			sourceTree = "<group>";
		};
		0794C9D3266F22ED00A81BEC /* Project2_Final_NN_Search */ = {
			isa = PBXGroup;
			children = (
				0794C9D4266F22ED00A81BEC /* main.cpp */,
				0794C9E82673144900A81BEC /* Problem.hpp */,
				0794C9E92673144A00A81BEC /* Problem.cpp */,
				0794C9E3266F23D900A81BEC /* Classifier.hpp */,
				0794C9DE266F23BE00A81BEC /* Classifier.cpp */,
				0794C9DF266F23BE00A81BEC /* Validator.cpp */,
				0794C9DD266F23BE00A81BEC /* Validator.hpp */,
			);
			path = Project2_Final_NN_Search;
			sourceTree = "<group>";
		};
/* End PBXGroup section */

/* Begin PBXNativeTarget section */
		0794C9D0266F22ED00A81BEC /* Project2_Final_NN_Search */ = {
			isa = PBXNativeTarget;
			buildConfigurationList = 0794C9D8266F22ED00A81BEC /* Build configuration list for PBXNativeTarget "Project2_Final_NN_Search" */;
			buildPhases = (
				0794C9CD266F22ED00A81BEC /* Sources */,
				0794C9CE266F22ED00A81BEC /* Frameworks */,
				0794C9CF266F22ED00A81BEC /* CopyFiles */,
			);
			buildRules = (
			);
			dependencies = (
			);
			name = Project2_Final_NN_Search;
			productName = Project2_Final_NN_Search;
			productReference = 0794C9D1266F22ED00A81BEC /* Project2_Final_NN_Search */;
			productType = "com.apple.product-type.tool";
		};
/* End PBXNativeTarget section */

/* Begin PBXProject section */
		0794C9C9266F22ED00A81BEC /* Project object */ = {
			isa = PBXProject;
			attributes = {
				LastUpgradeCheck = 1220;
				TargetAttributes = {
					0794C9D0266F22ED00A81BEC = {
						CreatedOnToolsVersion = 12.2;
					};
				};
			};
			buildConfigurationList = 0794C9CC266F22ED00A81BEC /* Build configuration list for PBXProject "Project2_Final_NN_Search" */;
			compatibilityVersion = "Xcode 9.3";
			developmentRegion = en;
			hasScannedForEncodings = 0;
			knownRegions = (
				en,
				Base,
			);
			mainGroup = 0794C9C8266F22ED00A81BEC;
			productRefGroup = 0794C9D2266F22ED00A81BEC /* Products */;
			projectDirPath = "";
			projectRoot = "";
			targets = (
				0794C9D0266F22ED00A81BEC /* Project2_Final_NN_Search */,
			);
		};
/* End PBXProject section */

/* Begin PBXSourcesBuildPhase section */
		0794C9CD266F22ED00A81BEC /* Sources */ = {
			isa = PBXSourcesBuildPhase;
			buildActionMask = 2147483647;
			files = (
				0794C9E0266F23BE00A81BEC /* Classifier.cpp in Sources */,
				0794C9EA2673144A00A81BEC /* Problem.cpp in Sources */,
				0794C9E1266F23BE00A81BEC /* Validator.cpp in Sources */,
				0794C9D5266F22ED00A81BEC /* main.cpp in Sources */,
			);
			runOnlyForDeploymentPostprocessing = 0;
		};
/* End PBXSourcesBuildPhase section */

/* Begin XCBuildConfiguration section */
		0794C9D6266F22ED00A81BEC /* Debug */ = {
			isa = XCBuildConfiguration;
			buildSettings = {
				ALWAYS_SEARCH_USER_PATHS = NO;
				CLANG_ANALYZER_NONNULL = YES;
				CLANG_ANALYZER_NUMBER_OBJECT_CONVERSION = YES_AGGRESSIVE;
				CLANG_CXX_LANGUAGE_STANDARD = "gnu++14";
				CLANG_CXX_LIBRARY = "libc++";
				CLANG_ENABLE_MODULES = YES;
				CLANG_ENABLE_OBJC_ARC = YES;
				CLANG_ENABLE_OBJC_WEAK = YES;
				CLANG_WARN_BLOCK_CAPTURE_AUTORELEASING = YES;
				CLANG_WARN_BOOL_CONVERSION = YES;
				CLANG_WARN_COMMA = YES;
				CLANG_WARN_CONSTANT_CONVERSION = YES;
				CLANG_WARN_DEPRECATED_OBJC_IMPLEMENTATIONS = YES;
				CLANG_WARN_DIRECT_OBJC_ISA_USAGE = YES_ERROR;
				CLANG_WARN_DOCUMENTATION_COMMENTS = YES;
				CLANG_WARN_EMPTY_BODY = YES;
				CLANG_WARN_ENUM_CONVERSION = YES;
				CLANG_WARN_INFINITE_RECURSION = YES;
				CLANG_WARN_INT_CONVERSION = YES;
				CLANG_WARN_NON_LITERAL_NULL_CONVERSION = YES;
				CLANG_WARN_OBJC_IMPLICIT_RETAIN_SELF = YES;
				CLANG_WARN_OBJC_LITERAL_CONVERSION = YES;
				CLANG_WARN_OBJC_ROOT_CLASS = YES_ERROR;
				CLANG_WARN_QUOTED_INCLUDE_IN_FRAMEWORK_HEADER = YES;
				CLANG_WARN_RANGE_LOOP_ANALYSIS = YES;
				CLANG_WARN_STRICT_PROTOTYPES = YES;
				CLANG_WARN_SUSPICIOUS_MOVE = YES;
				CLANG_WARN_UNGUARDED_AVAILABILITY = YES_AGGRESSIVE;
				CLANG_WARN_UNREACHABLE_CODE = YES;
				CLANG_WARN__DUPLICATE_METHOD_MATCH = YES;
				COPY_PHASE_STRIP = NO;
				DEBUG_INFORMATION_FORMAT = dwarf;
				ENABLE_STRICT_OBJC_MSGSEND = YES;
				ENABLE_TESTABILITY = YES;
				GCC_C_LANGUAGE_STANDARD = gnu11;
				GCC_DYNAMIC_NO_PIC = NO;
				GCC_NO_COMMON_BLOCKS = YES;
				GCC_OPTIMIZATION_LEVEL = 0;
				GCC_PREPROCESSOR_DEFINITIONS = (
					"DEBUG=1",
					"$(inherited)",
				);
				GCC_WARN_64_TO_32_BIT_CONVERSION = YES;
				GCC_WARN_ABOUT_RETURN_TYPE = YES_ERROR;
				GCC_WARN_UNDECLARED_SELECTOR = YES;
				GCC_WARN_UNINITIALIZED_AUTOS = YES_AGGRESSIVE;
				GCC_WARN_UNUSED_FUNCTION = YES;
				GCC_WARN_UNUSED_VARIABLE = YES;
				MACOSX_DEPLOYMENT_TARGET = 11.0;
				MTL_ENABLE_DEBUG_INFO = INCLUDE_SOURCE;
				MTL_FAST_MATH = YES;
				ONLY_ACTIVE_ARCH = YES;
				SDKROOT = macosx;
			};
			name = Debug;
		};
		0794C9D7266F22ED00A81BEC /* Release */ = {
			isa = XCBuildConfiguration;
			buildSettings = {
				ALWAYS_SEARCH_USER_PATHS = NO;
				CLANG_ANALYZER_NONNULL = YES;
				CLANG_ANALYZER_NUMBER_OBJECT_CONVERSION = YES_AGGRESSIVE;
				CLANG_CXX_LANGUAGE_STANDARD = "gnu++14";
				CLANG_CXX_LIBRARY = "libc++";
				CLANG_ENABLE_MODULES = YES;
				CLANG_ENABLE_OBJC_ARC = YES;
				CLANG_ENABLE_OBJC_WEAK = YES;
				CLANG_WARN_BLOCK_CAPTURE_AUTORELEASING = YES;
				CLANG_WARN_BOOL_CONVERSION = YES;
				CLANG_WARN_COMMA = YES;
				CLANG_WARN_CONSTANT_CONVERSION = YES;
				CLANG_WARN_DEPRECATED_OBJC_IMPLEMENTATIONS = YES;
				CLANG_WARN_DIRECT_OBJC_ISA_USAGE = YES_ERROR;
				CLANG_WARN_DOCUMENTATION_COMMENTS = YES;
				CLANG_WARN_EMPTY_BODY = YES;
				CLANG_WARN_ENUM_CONVERSION = YES;
				CLANG_WARN_INFINITE_RECURSION = YES;
				CLANG_WARN_INT_CONVERSION = YES;
				CLANG_WARN_NON_LITERAL_NULL_CONVERSION = YES;
				CLANG_WARN_OBJC_IMPLICIT_RETAIN_SELF = YES;
				CLANG_WARN_OBJC_LITERAL_CONVERSION = YES;
				CLANG_WARN_OBJC_ROOT_CLASS = YES_ERROR;
				CLANG_WARN_QUOTED_INCLUDE_IN_FRAMEWORK_HEADER = YES;
				CLANG_WARN_RANGE_LOOP_ANALYSIS = YES;
				CLANG_WARN_STRICT_PROTOTYPES = YES;
				CLANG_WARN_SUSPICIOUS_MOVE = YES;
				CLANG_WARN_UNGUARDED_AVAILABILITY = YES_AGGRESSIVE;
				CLANG_WARN_UNREACHABLE_CODE = YES;
				CLANG_WARN__DUPLICATE_METHOD_MATCH = YES;
				COPY_PHASE_STRIP = NO;
				DEBUG_INFORMATION_FORMAT = "dwarf-with-dsym";
				ENABLE_NS_ASSERTIONS = NO;
				ENABLE_STRICT_OBJC_MSGSEND = YES;
				GCC_C_LANGUAGE_STANDARD = gnu11;
				GCC_NO_COMMON_BLOCKS = YES;
				GCC_WARN_64_TO_32_BIT_CONVERSION = YES;
				GCC_WARN_ABOUT_RETURN_TYPE = YES_ERROR;
				GCC_WARN_UNDECLARED_SELECTOR = YES;
				GCC_WARN_UNINITIALIZED_AUTOS = YES_AGGRESSIVE;
				GCC_WARN_UNUSED_FUNCTION = YES;
				GCC_WARN_UNUSED_VARIABLE = YES;
				MACOSX_DEPLOYMENT_TARGET = 11.0;
				MTL_ENABLE_DEBUG_INFO = NO;
				MTL_FAST_MATH = YES;
				SDKROOT = macosx;
			};
			name = Release;
		};
		0794C9D9266F22ED00A81BEC /* Debug */ = {
			isa = XCBuildConfiguration;
			buildSettings = {
				CODE_SIGN_STYLE = Automatic;
				DEVELOPMENT_TEAM = PDRD89J8QK;
				ENABLE_HARDENED_RUNTIME = YES;
				PRODUCT_NAME = "$(TARGET_NAME)";
			};
			name = Debug;
		};
		0794C9DA266F22ED00A81BEC /* Release */ = {
			isa = XCBuildConfiguration;
			buildSettings = {
				CODE_SIGN_STYLE = Automatic;
				DEVELOPMENT_TEAM = PDRD89J8QK;
				ENABLE_HARDENED_RUNTIME = YES;
				PRODUCT_NAME = "$(TARGET_NAME)";
			};
			name = Release;
		};
/* End XCBuildConfiguration section */

/* Begin XCConfigurationList section */
		0794C9CC266F22ED00A81BEC /* Build configuration list for PBXProject "Project2_Final_NN_Search" */ = {
			isa = XCConfigurationList;
			buildConfigurations = (
				0794C9D6266F22ED00A81BEC /* Debug */,
				0794C9D7266F22ED00A81BEC /* Release */,
			);
			defaultConfigurationIsVisible = 0;
			defaultConfigurationName = Release;
		};
		0794C9D8266F22ED00A81BEC /* Build configuration list for PBXNativeTarget "Project2_Final_NN_Search" */ = {
			isa = XCConfigurationList;
			buildConfigurations = (
				0794C9D9266F22ED00A81BEC /* Debug */,
				0794C9DA266F22ED00A81BEC /* Release */,
			);
			defaultConfigurationIsVisible = 0;
			defaultConfigurationName = Release;
		};
/* End XCConfigurationList section */
	};
	rootObject = 0794C9C9266F22ED00A81BEC /* Project object */;
}
